
Microsoft Visual Studio Solution File, Format Version 12.00
# Visual Studio Version 17
VisualStudioVersion = 17.8.34525.116
MinimumVisualStudioVersion = 10.0.40219.1
Project("{9A19103F-16F7-4668-BE54-9A1E7A4F7556}") = "ReferenceTypes", "ReferenceTypes\ReferenceTypes.csproj", "{56D9FA65-162D-43DD-9497-5CFFED4C588C}"
EndProject
Project("{9A19103F-16F7-4668-BE54-9A1E7A4F7556}") = "Constructors", "Constructors\Constructors.csproj", "{C045ECD1-312F-4D4C-84CB-CDD03F77F737}"
EndProject
Project("{9A19103F-16F7-4668-BE54-9A1E7A4F7556}") = "Interfaces", "Interfaces\Interfaces.csproj", "{665D441D-8EBE-45CC-A968-D92386B87D33}"
EndProject
Project("{FAE04EC0-301F-11D3-BF4B-00C04F79EFBC}") = "Generics", "Generics\Generics.csproj", "{D9C393CE-ACE5-4159-909E-3E64E3D0453F}"
EndProject
Project("{FAE04EC0-301F-11D3-BF4B-00C04F79EFBC}") = "ThreadingDemo", "ThreadingDemo\ThreadingDemo.csproj", "{4F8FAB9F-C656-42D6-AAB4-336F4428379E}"
EndProject
Project("{FAE04EC0-301F-11D3-BF4B-00C04F79EFBC}") = "LinqProject", "Linq\LinqProject.csproj", "{27BC79E7-B25C-45BA-9B24-D61C6536F5CD}"
EndProject
Global
	GlobalSection(SolutionConfigurationPlatforms) = preSolution
		Debug|Any CPU = Debug|Any CPU
		Release|Any CPU = Release|Any CPU
	EndGlobalSection
	GlobalSection(ProjectConfigurationPlatforms) = postSolution
		{56D9FA65-162D-43DD-9497-5CFFED4C588C}.Debug|Any CPU.ActiveCfg = Debug|Any CPU
		{56D9FA65-162D-43DD-9497-5CFFED4C588C}.Debug|Any CPU.Build.0 = Debug|Any CPU
		{56D9FA65-162D-43DD-9497-5CFFED4C588C}.Release|Any CPU.ActiveCfg = Release|Any CPU
		{56D9FA65-162D-43DD-9497-5CFFED4C588C}.Release|Any CPU.Build.0 = Release|Any CPU
		{C045ECD1-312F-4D4C-84CB-CDD03F77F737}.Debug|Any CPU.ActiveCfg = Debug|Any CPU
		{C045ECD1-312F-4D4C-84CB-CDD03F77F737}.Debug|Any CPU.Build.0 = Debug|Any CPU
		{C045ECD1-312F-4D4C-84CB-CDD03F77F737}.Release|Any CPU.ActiveCfg = Release|Any CPU
		{C045ECD1-312F-4D4C-84CB-CDD03F77F737}.Release|Any CPU.Build.0 = Release|Any CPU
		{665D441D-8EBE-45CC-A968-D92386B87D33}.Debug|Any CPU.ActiveCfg = Debug|Any CPU
		{665D441D-8EBE-45CC-A968-D92386B87D33}.Debug|Any CPU.Build.0 = Debug|Any CPU
		{665D441D-8EBE-45CC-A968-D92386B87D33}.Release|Any CPU.ActiveCfg = Release|Any CPU
		{665D441D-8EBE-45CC-A968-D92386B87D33}.Release|Any CPU.Build.0 = Release|Any CPU
		{D9C393CE-ACE5-4159-909E-3E64E3D0453F}.Debug|Any CPU.ActiveCfg = Debug|Any CPU
		{D9C393CE-ACE5-4159-909E-3E64E3D0453F}.Debug|Any CPU.Build.0 = Debug|Any CPU
		{D9C393CE-ACE5-4159-909E-3E64E3D0453F}.Release|Any CPU.ActiveCfg = Release|Any CPU
		{D9C393CE-ACE5-4159-909E-3E64E3D0453F}.Release|Any CPU.Build.0 = Release|Any CPU
		{4F8FAB9F-C656-42D6-AAB4-336F4428379E}.Debug|Any CPU.ActiveCfg = Debug|Any CPU
		{4F8FAB9F-C656-42D6-AAB4-336F4428379E}.Debug|Any CPU.Build.0 = Debug|Any CPU
		{4F8FAB9F-C656-42D6-AAB4-336F4428379E}.Release|Any CPU.ActiveCfg = Release|Any CPU
		{4F8FAB9F-C656-42D6-AAB4-336F4428379E}.Release|Any CPU.Build.0 = Release|Any CPU
		{27BC79E7-B25C-45BA-9B24-D61C6536F5CD}.Debug|Any CPU.ActiveCfg = Debug|Any CPU
		{27BC79E7-B25C-45BA-9B24-D61C6536F5CD}.Debug|Any CPU.Build.0 = Debug|Any CPU
		{27BC79E7-B25C-45BA-9B24-D61C6536F5CD}.Release|Any CPU.ActiveCfg = Release|Any CPU
		{27BC79E7-B25C-45BA-9B24-D61C6536F5CD}.Release|Any CPU.Build.0 = Release|Any CPU
	EndGlobalSection
	GlobalSection(SolutionProperties) = preSolution
		HideSolutionNode = FALSE
	EndGlobalSection
	GlobalSection(ExtensibilityGlobals) = postSolution
		SolutionGuid = {5FCFF1F9-5B8D-4F25-9C48-B4A7939A7B03}
	EndGlobalSection
EndGlobal
